// !$*UTF8*$!
{
	archiveVersion = 1;
	classes = {
	};
	objectVersion = 46;
	objects = {

/* Begin PBXBuildFile section */
		38737F731ADB478E00FE27FB /* FISStreamViewController.m in Sources */ = {isa = PBXBuildFile; fileRef = 38737F721ADB478E00FE27FB /* FISStreamViewController.m */; };
		38737F7A1ADEC51300FE27FB /* FISTableViewCell.m in Sources */ = {isa = PBXBuildFile; fileRef = 38737F791ADEC51300FE27FB /* FISTableViewCell.m */; };
		38737F7C1ADEC70500FE27FB /* FISCell.xib in Resources */ = {isa = PBXBuildFile; fileRef = 38737F7B1ADEC70500FE27FB /* FISCell.xib */; };
		38737F7E1ADEE08700FE27FB /* FISTableView.xib in Resources */ = {isa = PBXBuildFile; fileRef = 38737F7D1ADEE08700FE27FB /* FISTableView.xib */; };
		38EE61D21AD6D62C00D65B32 /* FISCardViewController.m in Sources */ = {isa = PBXBuildFile; fileRef = 38EE61D11AD6D62C00D65B32 /* FISCardViewController.m */; };
		38EE61D51AD7044200D65B32 /* FISCardCollectionViewCell.m in Sources */ = {isa = PBXBuildFile; fileRef = 38EE61D41AD7044200D65B32 /* FISCardCollectionViewCell.m */; };
		6A0D7EAB3C70015C7445DE06 /* libPods-FISCardStreams.a in Frameworks */ = {isa = PBXBuildFile; fileRef = 5664142CC4A883379FB29245 /* libPods-FISCardStreams.a */; };
		6A35AA771AD8438900B1788D /* FISCollectionDataManager.m in Sources */ = {isa = PBXBuildFile; fileRef = 6A35AA761AD8438900B1788D /* FISCollectionDataManager.m */; };
		6A7C1EF91ACAD82800DA0161 /* main.m in Sources */ = {isa = PBXBuildFile; fileRef = 6A7C1EF81ACAD82800DA0161 /* main.m */; };
		6A7C1EFC1ACAD82800DA0161 /* FISAppDelegate.m in Sources */ = {isa = PBXBuildFile; fileRef = 6A7C1EFB1ACAD82800DA0161 /* FISAppDelegate.m */; };
		6A7C1EFF1ACAD82800DA0161 /* FISCardStreams.xcdatamodeld in Sources */ = {isa = PBXBuildFile; fileRef = 6A7C1EFD1ACAD82800DA0161 /* FISCardStreams.xcdatamodeld */; };
		6A7C1F051ACAD82800DA0161 /* Main.storyboard in Resources */ = {isa = PBXBuildFile; fileRef = 6A7C1F031ACAD82800DA0161 /* Main.storyboard */; };
		6A7C1F071ACAD82800DA0161 /* Images.xcassets in Resources */ = {isa = PBXBuildFile; fileRef = 6A7C1F061ACAD82800DA0161 /* Images.xcassets */; };
		6A7C1F0A1ACAD82800DA0161 /* LaunchScreen.xib in Resources */ = {isa = PBXBuildFile; fileRef = 6A7C1F081ACAD82800DA0161 /* LaunchScreen.xib */; };
		6A7C1F161ACAD82800DA0161 /* FISCardStreamsTests.m in Sources */ = {isa = PBXBuildFile; fileRef = 6A7C1F151ACAD82800DA0161 /* FISCardStreamsTests.m */; };
		6A7C1F201ACAD8DC00DA0161 /* LoginFlow.storyboard in Resources */ = {isa = PBXBuildFile; fileRef = 6A7C1F1F1ACAD8DC00DA0161 /* LoginFlow.storyboard */; };
		6A7C1F261ACADE6400DA0161 /* FISConstants.m in Sources */ = {isa = PBXBuildFile; fileRef = 6A7C1F251ACADE6400DA0161 /* FISConstants.m */; };
		6A7C1F291ACADE7D00DA0161 /* FISCardStreamsAPIClient.m in Sources */ = {isa = PBXBuildFile; fileRef = 6A7C1F281ACADE7D00DA0161 /* FISCardStreamsAPIClient.m */; };
		6A7C1F2C1ACADE9700DA0161 /* FISGithubAPIClient.m in Sources */ = {isa = PBXBuildFile; fileRef = 6A7C1F2B1ACADE9700DA0161 /* FISGithubAPIClient.m */; };
		6A7C1F2F1ACADEB900DA0161 /* FISRSSFeedAPIClient.m in Sources */ = {isa = PBXBuildFile; fileRef = 6A7C1F2E1ACADEB900DA0161 /* FISRSSFeedAPIClient.m */; };
		6A7C1F321ACADEEF00DA0161 /* FISStreamsDataManager.m in Sources */ = {isa = PBXBuildFile; fileRef = 6A7C1F311ACADEEF00DA0161 /* FISStreamsDataManager.m */; };
		6A7C1F361ACAE01900DA0161 /* FISStream.m in Sources */ = {isa = PBXBuildFile; fileRef = 6A7C1F351ACAE01900DA0161 /* FISStream.m */; };
		6A7C1F391ACAE02A00DA0161 /* FISCard.m in Sources */ = {isa = PBXBuildFile; fileRef = 6A7C1F381ACAE02A00DA0161 /* FISCard.m */; };
		6A7C1F3C1ACAE6F100DA0161 /* FISCardsTableViewController.m in Sources */ = {isa = PBXBuildFile; fileRef = 6A7C1F3B1ACAE6F100DA0161 /* FISCardsTableViewController.m */; };
		6A7C1F3F1ACAFA4400DA0161 /* FISAttachment.m in Sources */ = {isa = PBXBuildFile; fileRef = 6A7C1F3E1ACAFA4400DA0161 /* FISAttachment.m */; };
		6A7C1F421ACAFA5800DA0161 /* FISComment.m in Sources */ = {isa = PBXBuildFile; fileRef = 6A7C1F411ACAFA5800DA0161 /* FISComment.m */; };
		6A7C1F461ACB1D3200DA0161 /* NSDate+DateFromJSONDate.m in Sources */ = {isa = PBXBuildFile; fileRef = 6A7C1F451ACB1D3200DA0161 /* NSDate+DateFromJSONDate.m */; };
		6A9C3B531ACEDBBA00CD56E6 /* FISCardTableViewCell.m in Sources */ = {isa = PBXBuildFile; fileRef = 6A9C3B511ACEDBBA00CD56E6 /* FISCardTableViewCell.m */; };
		747F792B1ACEEC5600825492 /* XMLReader.m in Sources */ = {isa = PBXBuildFile; fileRef = 747F792A1ACEEC5600825492 /* XMLReader.m */; };
		887305691AD701B7000E85D1 /* StackSexchangeLoginWebViewController.m in Sources */ = {isa = PBXBuildFile; fileRef = 887305681AD701B7000E85D1 /* StackSexchangeLoginWebViewController.m */; };
		88977CCB1ADD85DC0029A337 /* WebViewTableViewCell.m in Sources */ = {isa = PBXBuildFile; fileRef = 88977CCA1ADD85DC0029A337 /* WebViewTableViewCell.m */; };
		88977CCE1ADD90590029A337 /* StackExchangeTableViewCell.m in Sources */ = {isa = PBXBuildFile; fileRef = 88977CCD1ADD90590029A337 /* StackExchangeTableViewCell.m */; };
		889998181ACDA94E00A2050B /* FISCardstreamLogInViewController.m in Sources */ = {isa = PBXBuildFile; fileRef = 889998171ACDA94E00A2050B /* FISCardstreamLogInViewController.m */; };
		8899981B1ACDC30B00A2050B /* FISCardstreamSignUpViewController.m in Sources */ = {isa = PBXBuildFile; fileRef = 8899981A1ACDC30B00A2050B /* FISCardstreamSignUpViewController.m */; };
		88BE23C31AD5825B006FA622 /* AddingCredentialsViewController.m in Sources */ = {isa = PBXBuildFile; fileRef = 88BE23C21AD5825B006FA622 /* AddingCredentialsViewController.m */; };
		88F79DC51AD6DA770089B5FE /* FISStackExchangeAPI.m in Sources */ = {isa = PBXBuildFile; fileRef = 88F79DC41AD6DA770089B5FE /* FISStackExchangeAPI.m */; };
/* End PBXBuildFile section */

/* Begin PBXContainerItemProxy section */
		6A7C1F101ACAD82800DA0161 /* PBXContainerItemProxy */ = {
			isa = PBXContainerItemProxy;
			containerPortal = 6A7C1EEB1ACAD82800DA0161 /* Project object */;
			proxyType = 1;
			remoteGlobalIDString = 6A7C1EF21ACAD82800DA0161;
			remoteInfo = FISCardStreams;
		};
/* End PBXContainerItemProxy section */

/* Begin PBXFileReference section */
		38737F711ADB478E00FE27FB /* FISStreamViewController.h */ = {isa = PBXFileReference; fileEncoding = 4; lastKnownFileType = sourcecode.c.h; path = FISStreamViewController.h; sourceTree = "<group>"; };
		38737F721ADB478E00FE27FB /* FISStreamViewController.m */ = {isa = PBXFileReference; fileEncoding = 4; lastKnownFileType = sourcecode.c.objc; path = FISStreamViewController.m; sourceTree = "<group>"; };
		38737F781ADEC51300FE27FB /* FISTableViewCell.h */ = {isa = PBXFileReference; fileEncoding = 4; lastKnownFileType = sourcecode.c.h; path = FISTableViewCell.h; sourceTree = "<group>"; };
		38737F791ADEC51300FE27FB /* FISTableViewCell.m */ = {isa = PBXFileReference; fileEncoding = 4; lastKnownFileType = sourcecode.c.objc; path = FISTableViewCell.m; sourceTree = "<group>"; };
		38737F7B1ADEC70500FE27FB /* FISCell.xib */ = {isa = PBXFileReference; fileEncoding = 4; lastKnownFileType = file.xib; path = FISCell.xib; sourceTree = "<group>"; };
		38737F7D1ADEE08700FE27FB /* FISTableView.xib */ = {isa = PBXFileReference; fileEncoding = 4; lastKnownFileType = file.xib; path = FISTableView.xib; sourceTree = "<group>"; };
		38EE61D01AD6D62C00D65B32 /* FISCardViewController.h */ = {isa = PBXFileReference; fileEncoding = 4; lastKnownFileType = sourcecode.c.h; path = FISCardViewController.h; sourceTree = "<group>"; };
		38EE61D11AD6D62C00D65B32 /* FISCardViewController.m */ = {isa = PBXFileReference; fileEncoding = 4; lastKnownFileType = sourcecode.c.objc; path = FISCardViewController.m; sourceTree = "<group>"; };
		38EE61D31AD7044200D65B32 /* FISCardCollectionViewCell.h */ = {isa = PBXFileReference; fileEncoding = 4; lastKnownFileType = sourcecode.c.h; path = FISCardCollectionViewCell.h; sourceTree = "<group>"; };
		38EE61D41AD7044200D65B32 /* FISCardCollectionViewCell.m */ = {isa = PBXFileReference; fileEncoding = 4; lastKnownFileType = sourcecode.c.objc; path = FISCardCollectionViewCell.m; sourceTree = "<group>"; };
		3DE0F0B7A4ABDED34230BA8A /* Pods-FISCardStreams.debug.xcconfig */ = {isa = PBXFileReference; includeInIndex = 1; lastKnownFileType = text.xcconfig; name = "Pods-FISCardStreams.debug.xcconfig"; path = "Pods/Target Support Files/Pods-FISCardStreams/Pods-FISCardStreams.debug.xcconfig"; sourceTree = "<group>"; };
		5664142CC4A883379FB29245 /* libPods-FISCardStreams.a */ = {isa = PBXFileReference; explicitFileType = archive.ar; includeInIndex = 0; path = "libPods-FISCardStreams.a"; sourceTree = BUILT_PRODUCTS_DIR; };
		6A35AA751AD8438900B1788D /* FISCollectionDataManager.h */ = {isa = PBXFileReference; fileEncoding = 4; lastKnownFileType = sourcecode.c.h; path = FISCollectionDataManager.h; sourceTree = "<group>"; };
		6A35AA761AD8438900B1788D /* FISCollectionDataManager.m */ = {isa = PBXFileReference; fileEncoding = 4; lastKnownFileType = sourcecode.c.objc; path = FISCollectionDataManager.m; sourceTree = "<group>"; };
		6A7C1EF31ACAD82800DA0161 /* FISCardStreams.app */ = {isa = PBXFileReference; explicitFileType = wrapper.application; includeInIndex = 0; path = FISCardStreams.app; sourceTree = BUILT_PRODUCTS_DIR; };
		6A7C1EF71ACAD82800DA0161 /* Info.plist */ = {isa = PBXFileReference; lastKnownFileType = text.plist.xml; path = Info.plist; sourceTree = "<group>"; };
		6A7C1EF81ACAD82800DA0161 /* main.m */ = {isa = PBXFileReference; lastKnownFileType = sourcecode.c.objc; path = main.m; sourceTree = "<group>"; };
		6A7C1EFA1ACAD82800DA0161 /* FISAppDelegate.h */ = {isa = PBXFileReference; lastKnownFileType = sourcecode.c.h; path = FISAppDelegate.h; sourceTree = "<group>"; };
		6A7C1EFB1ACAD82800DA0161 /* FISAppDelegate.m */ = {isa = PBXFileReference; lastKnownFileType = sourcecode.c.objc; path = FISAppDelegate.m; sourceTree = "<group>"; };
		6A7C1EFE1ACAD82800DA0161 /* FISCardStreams.xcdatamodel */ = {isa = PBXFileReference; lastKnownFileType = wrapper.xcdatamodel; path = FISCardStreams.xcdatamodel; sourceTree = "<group>"; };
		6A7C1F041ACAD82800DA0161 /* Base */ = {isa = PBXFileReference; lastKnownFileType = file.storyboard; name = Base; path = Base.lproj/Main.storyboard; sourceTree = "<group>"; };
		6A7C1F061ACAD82800DA0161 /* Images.xcassets */ = {isa = PBXFileReference; lastKnownFileType = folder.assetcatalog; path = Images.xcassets; sourceTree = "<group>"; };
		6A7C1F091ACAD82800DA0161 /* Base */ = {isa = PBXFileReference; lastKnownFileType = file.xib; name = Base; path = Base.lproj/LaunchScreen.xib; sourceTree = "<group>"; };
		6A7C1F0F1ACAD82800DA0161 /* FISCardStreamsTests.xctest */ = {isa = PBXFileReference; explicitFileType = wrapper.cfbundle; includeInIndex = 0; path = FISCardStreamsTests.xctest; sourceTree = BUILT_PRODUCTS_DIR; };
		6A7C1F141ACAD82800DA0161 /* Info.plist */ = {isa = PBXFileReference; lastKnownFileType = text.plist.xml; path = Info.plist; sourceTree = "<group>"; };
		6A7C1F151ACAD82800DA0161 /* FISCardStreamsTests.m */ = {isa = PBXFileReference; lastKnownFileType = sourcecode.c.objc; path = FISCardStreamsTests.m; sourceTree = "<group>"; };
		6A7C1F1F1ACAD8DC00DA0161 /* LoginFlow.storyboard */ = {isa = PBXFileReference; fileEncoding = 4; lastKnownFileType = file.storyboard; path = LoginFlow.storyboard; sourceTree = "<group>"; };
		6A7C1F241ACADE6400DA0161 /* FISConstants.h */ = {isa = PBXFileReference; fileEncoding = 4; lastKnownFileType = sourcecode.c.h; path = FISConstants.h; sourceTree = "<group>"; };
		6A7C1F251ACADE6400DA0161 /* FISConstants.m */ = {isa = PBXFileReference; fileEncoding = 4; lastKnownFileType = sourcecode.c.objc; path = FISConstants.m; sourceTree = "<group>"; };
		6A7C1F271ACADE7D00DA0161 /* FISCardStreamsAPIClient.h */ = {isa = PBXFileReference; fileEncoding = 4; lastKnownFileType = sourcecode.c.h; path = FISCardStreamsAPIClient.h; sourceTree = "<group>"; };
		6A7C1F281ACADE7D00DA0161 /* FISCardStreamsAPIClient.m */ = {isa = PBXFileReference; fileEncoding = 4; lastKnownFileType = sourcecode.c.objc; path = FISCardStreamsAPIClient.m; sourceTree = "<group>"; };
		6A7C1F2A1ACADE9700DA0161 /* FISGithubAPIClient.h */ = {isa = PBXFileReference; fileEncoding = 4; lastKnownFileType = sourcecode.c.h; path = FISGithubAPIClient.h; sourceTree = "<group>"; };
		6A7C1F2B1ACADE9700DA0161 /* FISGithubAPIClient.m */ = {isa = PBXFileReference; fileEncoding = 4; lastKnownFileType = sourcecode.c.objc; path = FISGithubAPIClient.m; sourceTree = "<group>"; };
		6A7C1F2D1ACADEB900DA0161 /* FISRSSFeedAPIClient.h */ = {isa = PBXFileReference; fileEncoding = 4; lastKnownFileType = sourcecode.c.h; path = FISRSSFeedAPIClient.h; sourceTree = "<group>"; };
		6A7C1F2E1ACADEB900DA0161 /* FISRSSFeedAPIClient.m */ = {isa = PBXFileReference; fileEncoding = 4; lastKnownFileType = sourcecode.c.objc; path = FISRSSFeedAPIClient.m; sourceTree = "<group>"; };
		6A7C1F301ACADEEF00DA0161 /* FISStreamsDataManager.h */ = {isa = PBXFileReference; fileEncoding = 4; lastKnownFileType = sourcecode.c.h; path = FISStreamsDataManager.h; sourceTree = "<group>"; };
		6A7C1F311ACADEEF00DA0161 /* FISStreamsDataManager.m */ = {isa = PBXFileReference; fileEncoding = 4; lastKnownFileType = sourcecode.c.objc; path = FISStreamsDataManager.m; sourceTree = "<group>"; };
		6A7C1F341ACAE01800DA0161 /* FISStream.h */ = {isa = PBXFileReference; fileEncoding = 4; lastKnownFileType = sourcecode.c.h; path = FISStream.h; sourceTree = "<group>"; };
		6A7C1F351ACAE01900DA0161 /* FISStream.m */ = {isa = PBXFileReference; fileEncoding = 4; lastKnownFileType = sourcecode.c.objc; path = FISStream.m; sourceTree = "<group>"; };
		6A7C1F371ACAE02A00DA0161 /* FISCard.h */ = {isa = PBXFileReference; fileEncoding = 4; lastKnownFileType = sourcecode.c.h; path = FISCard.h; sourceTree = "<group>"; };
		6A7C1F381ACAE02A00DA0161 /* FISCard.m */ = {isa = PBXFileReference; fileEncoding = 4; lastKnownFileType = sourcecode.c.objc; path = FISCard.m; sourceTree = "<group>"; };
		6A7C1F3A1ACAE6F100DA0161 /* FISCardsTableViewController.h */ = {isa = PBXFileReference; fileEncoding = 4; lastKnownFileType = sourcecode.c.h; path = FISCardsTableViewController.h; sourceTree = "<group>"; };
		6A7C1F3B1ACAE6F100DA0161 /* FISCardsTableViewController.m */ = {isa = PBXFileReference; fileEncoding = 4; lastKnownFileType = sourcecode.c.objc; path = FISCardsTableViewController.m; sourceTree = "<group>"; };
		6A7C1F3D1ACAFA4400DA0161 /* FISAttachment.h */ = {isa = PBXFileReference; fileEncoding = 4; lastKnownFileType = sourcecode.c.h; path = FISAttachment.h; sourceTree = "<group>"; };
		6A7C1F3E1ACAFA4400DA0161 /* FISAttachment.m */ = {isa = PBXFileReference; fileEncoding = 4; lastKnownFileType = sourcecode.c.objc; path = FISAttachment.m; sourceTree = "<group>"; };
		6A7C1F401ACAFA5800DA0161 /* FISComment.h */ = {isa = PBXFileReference; fileEncoding = 4; lastKnownFileType = sourcecode.c.h; path = FISComment.h; sourceTree = "<group>"; };
		6A7C1F411ACAFA5800DA0161 /* FISComment.m */ = {isa = PBXFileReference; fileEncoding = 4; lastKnownFileType = sourcecode.c.objc; path = FISComment.m; sourceTree = "<group>"; };
		6A7C1F441ACB1D3200DA0161 /* NSDate+DateFromJSONDate.h */ = {isa = PBXFileReference; fileEncoding = 4; lastKnownFileType = sourcecode.c.h; path = "NSDate+DateFromJSONDate.h"; sourceTree = "<group>"; };
		6A7C1F451ACB1D3200DA0161 /* NSDate+DateFromJSONDate.m */ = {isa = PBXFileReference; fileEncoding = 4; lastKnownFileType = sourcecode.c.objc; path = "NSDate+DateFromJSONDate.m"; sourceTree = "<group>"; };
		6A9C3B501ACEDBBA00CD56E6 /* FISCardTableViewCell.h */ = {isa = PBXFileReference; fileEncoding = 4; lastKnownFileType = sourcecode.c.h; path = FISCardTableViewCell.h; sourceTree = "<group>"; };
		6A9C3B511ACEDBBA00CD56E6 /* FISCardTableViewCell.m */ = {isa = PBXFileReference; fileEncoding = 4; lastKnownFileType = sourcecode.c.objc; path = FISCardTableViewCell.m; sourceTree = "<group>"; };
		747F792A1ACEEC5600825492 /* XMLReader.m */ = {isa = PBXFileReference; fileEncoding = 4; lastKnownFileType = sourcecode.c.objc; path = XMLReader.m; sourceTree = "<group>"; };
		747F792C1ACEEC7D00825492 /* XMLReader.h */ = {isa = PBXFileReference; fileEncoding = 4; lastKnownFileType = sourcecode.c.h; path = XMLReader.h; sourceTree = "<group>"; };
		887305671AD701B7000E85D1 /* StackSexchangeLoginWebViewController.h */ = {isa = PBXFileReference; fileEncoding = 4; lastKnownFileType = sourcecode.c.h; path = StackSexchangeLoginWebViewController.h; sourceTree = "<group>"; };
		887305681AD701B7000E85D1 /* StackSexchangeLoginWebViewController.m */ = {isa = PBXFileReference; fileEncoding = 4; lastKnownFileType = sourcecode.c.objc; path = StackSexchangeLoginWebViewController.m; sourceTree = "<group>"; };
		88977CC91ADD85DC0029A337 /* WebViewTableViewCell.h */ = {isa = PBXFileReference; fileEncoding = 4; lastKnownFileType = sourcecode.c.h; path = WebViewTableViewCell.h; sourceTree = "<group>"; };
		88977CCA1ADD85DC0029A337 /* WebViewTableViewCell.m */ = {isa = PBXFileReference; fileEncoding = 4; lastKnownFileType = sourcecode.c.objc; path = WebViewTableViewCell.m; sourceTree = "<group>"; };
		88977CCC1ADD90590029A337 /* StackExchangeTableViewCell.h */ = {isa = PBXFileReference; fileEncoding = 4; lastKnownFileType = sourcecode.c.h; path = StackExchangeTableViewCell.h; sourceTree = "<group>"; };
		88977CCD1ADD90590029A337 /* StackExchangeTableViewCell.m */ = {isa = PBXFileReference; fileEncoding = 4; lastKnownFileType = sourcecode.c.objc; path = StackExchangeTableViewCell.m; sourceTree = "<group>"; };
		889998161ACDA94E00A2050B /* FISCardstreamLogInViewController.h */ = {isa = PBXFileReference; fileEncoding = 4; lastKnownFileType = sourcecode.c.h; path = FISCardstreamLogInViewController.h; sourceTree = "<group>"; };
		889998171ACDA94E00A2050B /* FISCardstreamLogInViewController.m */ = {isa = PBXFileReference; fileEncoding = 4; lastKnownFileType = sourcecode.c.objc; path = FISCardstreamLogInViewController.m; sourceTree = "<group>"; };
		889998191ACDC30B00A2050B /* FISCardstreamSignUpViewController.h */ = {isa = PBXFileReference; fileEncoding = 4; lastKnownFileType = sourcecode.c.h; path = FISCardstreamSignUpViewController.h; sourceTree = "<group>"; };
		8899981A1ACDC30B00A2050B /* FISCardstreamSignUpViewController.m */ = {isa = PBXFileReference; fileEncoding = 4; lastKnownFileType = sourcecode.c.objc; path = FISCardstreamSignUpViewController.m; sourceTree = "<group>"; };
		88BE23C11AD5825B006FA622 /* AddingCredentialsViewController.h */ = {isa = PBXFileReference; fileEncoding = 4; lastKnownFileType = sourcecode.c.h; path = AddingCredentialsViewController.h; sourceTree = "<group>"; };
		88BE23C21AD5825B006FA622 /* AddingCredentialsViewController.m */ = {isa = PBXFileReference; fileEncoding = 4; lastKnownFileType = sourcecode.c.objc; path = AddingCredentialsViewController.m; sourceTree = "<group>"; };
		88F79DC31AD6DA770089B5FE /* FISStackExchangeAPI.h */ = {isa = PBXFileReference; fileEncoding = 4; lastKnownFileType = sourcecode.c.h; path = FISStackExchangeAPI.h; sourceTree = "<group>"; };
		88F79DC41AD6DA770089B5FE /* FISStackExchangeAPI.m */ = {isa = PBXFileReference; fileEncoding = 4; lastKnownFileType = sourcecode.c.objc; path = FISStackExchangeAPI.m; sourceTree = "<group>"; };
		B0E688A2D2D1B38D94F890D7 /* Pods-FISCardStreams.release.xcconfig */ = {isa = PBXFileReference; includeInIndex = 1; lastKnownFileType = text.xcconfig; name = "Pods-FISCardStreams.release.xcconfig"; path = "Pods/Target Support Files/Pods-FISCardStreams/Pods-FISCardStreams.release.xcconfig"; sourceTree = "<group>"; };
/* End PBXFileReference section */

/* Begin PBXFrameworksBuildPhase section */
		6A7C1EF01ACAD82800DA0161 /* Frameworks */ = {
			isa = PBXFrameworksBuildPhase;
			buildActionMask = 2147483647;
			files = (
				6A0D7EAB3C70015C7445DE06 /* libPods-FISCardStreams.a in Frameworks */,
			);
			runOnlyForDeploymentPostprocessing = 0;
		};
		6A7C1F0C1ACAD82800DA0161 /* Frameworks */ = {
			isa = PBXFrameworksBuildPhase;
			buildActionMask = 2147483647;
			files = (
			);
			runOnlyForDeploymentPostprocessing = 0;
		};
/* End PBXFrameworksBuildPhase section */

/* Begin PBXGroup section */
		6A7C1EEA1ACAD82800DA0161 = {
			isa = PBXGroup;
			children = (
				6A7C1EF51ACAD82800DA0161 /* FISCardStreams */,
				6A7C1F121ACAD82800DA0161 /* FISCardStreamsTests */,
				6A7C1EF41ACAD82800DA0161 /* Products */,
				8F6640B4C2227EBED4F0D0CF /* Pods */,
				848612E44BCCD90CAB0E7C18 /* Frameworks */,
			);
			sourceTree = "<group>";
		};
		6A7C1EF41ACAD82800DA0161 /* Products */ = {
			isa = PBXGroup;
			children = (
				6A7C1EF31ACAD82800DA0161 /* FISCardStreams.app */,
				6A7C1F0F1ACAD82800DA0161 /* FISCardStreamsTests.xctest */,
			);
			name = Products;
			sourceTree = "<group>";
		};
		6A7C1EF51ACAD82800DA0161 /* FISCardStreams */ = {
			isa = PBXGroup;
			children = (
				6A7C1EFA1ACAD82800DA0161 /* FISAppDelegate.h */,
				6A7C1EFB1ACAD82800DA0161 /* FISAppDelegate.m */,
				6A7C1F031ACAD82800DA0161 /* Main.storyboard */,
				6A7C1F1F1ACAD8DC00DA0161 /* LoginFlow.storyboard */,
				6A7C1F431ACAFA6600DA0161 /* Models */,
				889998141ACDA8AD00A2050B /* Controllers */,
				888EBA071AD5C6C1005E92C3 /* Views */,
				6A7C1EF61ACAD82800DA0161 /* Supporting Files */,
			);
			path = FISCardStreams;
			sourceTree = "<group>";
		};
		6A7C1EF61ACAD82800DA0161 /* Supporting Files */ = {
			isa = PBXGroup;
			children = (
				6A7C1F061ACAD82800DA0161 /* Images.xcassets */,
				6A7C1EFD1ACAD82800DA0161 /* FISCardStreams.xcdatamodeld */,
				6A7C1EF71ACAD82800DA0161 /* Info.plist */,
				6A7C1EF81ACAD82800DA0161 /* main.m */,
			);
			name = "Supporting Files";
			sourceTree = "<group>";
		};
		6A7C1F121ACAD82800DA0161 /* FISCardStreamsTests */ = {
			isa = PBXGroup;
			children = (
				6A7C1F151ACAD82800DA0161 /* FISCardStreamsTests.m */,
				6A7C1F131ACAD82800DA0161 /* Supporting Files */,
			);
			path = FISCardStreamsTests;
			sourceTree = "<group>";
		};
		6A7C1F131ACAD82800DA0161 /* Supporting Files */ = {
			isa = PBXGroup;
			children = (
				6A7C1F141ACAD82800DA0161 /* Info.plist */,
			);
			name = "Supporting Files";
			sourceTree = "<group>";
		};
		6A7C1F331ACADF2100DA0161 /* API Clients */ = {
			isa = PBXGroup;
			children = (
				6A7C1F271ACADE7D00DA0161 /* FISCardStreamsAPIClient.h */,
				6A7C1F281ACADE7D00DA0161 /* FISCardStreamsAPIClient.m */,
				6A7C1F2A1ACADE9700DA0161 /* FISGithubAPIClient.h */,
				6A7C1F2B1ACADE9700DA0161 /* FISGithubAPIClient.m */,
				6A7C1F2D1ACADEB900DA0161 /* FISRSSFeedAPIClient.h */,
				6A7C1F2E1ACADEB900DA0161 /* FISRSSFeedAPIClient.m */,
				88F79DC31AD6DA770089B5FE /* FISStackExchangeAPI.h */,
				88F79DC41AD6DA770089B5FE /* FISStackExchangeAPI.m */,
				747F792C1ACEEC7D00825492 /* XMLReader.h */,
				747F792A1ACEEC5600825492 /* XMLReader.m */,
			);
			name = "API Clients";
			sourceTree = "<group>";
		};
		6A7C1F431ACAFA6600DA0161 /* Models */ = {
			isa = PBXGroup;
			children = (
				888EBA061AD5C08A005E92C3 /* Constants */,
				889998151ACDA8E400A2050B /* Data Manager */,
				6A7C1F331ACADF2100DA0161 /* API Clients */,
				6A7C1F341ACAE01800DA0161 /* FISStream.h */,
				6A7C1F351ACAE01900DA0161 /* FISStream.m */,
				6A7C1F371ACAE02A00DA0161 /* FISCard.h */,
				6A7C1F381ACAE02A00DA0161 /* FISCard.m */,
				6A7C1F3D1ACAFA4400DA0161 /* FISAttachment.h */,
				6A7C1F3E1ACAFA4400DA0161 /* FISAttachment.m */,
				6A7C1F401ACAFA5800DA0161 /* FISComment.h */,
				6A7C1F411ACAFA5800DA0161 /* FISComment.m */,
				6A7C1F441ACB1D3200DA0161 /* NSDate+DateFromJSONDate.h */,
				6A7C1F451ACB1D3200DA0161 /* NSDate+DateFromJSONDate.m */,
			);
			name = Models;
			sourceTree = "<group>";
		};
		848612E44BCCD90CAB0E7C18 /* Frameworks */ = {
			isa = PBXGroup;
			children = (
				5664142CC4A883379FB29245 /* libPods-FISCardStreams.a */,
			);
			name = Frameworks;
			sourceTree = "<group>";
		};
		888EBA061AD5C08A005E92C3 /* Constants */ = {
			isa = PBXGroup;
			children = (
				6A7C1F241ACADE6400DA0161 /* FISConstants.h */,
				6A7C1F251ACADE6400DA0161 /* FISConstants.m */,
			);
			name = Constants;
			sourceTree = "<group>";
		};
		888EBA071AD5C6C1005E92C3 /* Views */ = {
			isa = PBXGroup;
			children = (
				38737F7D1ADEE08700FE27FB /* FISTableView.xib */,
				38737F7B1ADEC70500FE27FB /* FISCell.xib */,
				38737F781ADEC51300FE27FB /* FISTableViewCell.h */,
				38737F791ADEC51300FE27FB /* FISTableViewCell.m */,
				6A7C1F081ACAD82800DA0161 /* LaunchScreen.xib */,
				38EE61D31AD7044200D65B32 /* FISCardCollectionViewCell.h */,
				38EE61D41AD7044200D65B32 /* FISCardCollectionViewCell.m */,
				6A9C3B501ACEDBBA00CD56E6 /* FISCardTableViewCell.h */,
				6A9C3B511ACEDBBA00CD56E6 /* FISCardTableViewCell.m */,
				88977CCC1ADD90590029A337 /* StackExchangeTableViewCell.h */,
				88977CCD1ADD90590029A337 /* StackExchangeTableViewCell.m */,
				88977CC91ADD85DC0029A337 /* WebViewTableViewCell.h */,
				88977CCA1ADD85DC0029A337 /* WebViewTableViewCell.m */,
			);
			name = Views;
			sourceTree = "<group>";
		};
		889998141ACDA8AD00A2050B /* Controllers */ = {
			isa = PBXGroup;
			children = (
				6A7C1F3A1ACAE6F100DA0161 /* FISCardsTableViewController.h */,
				6A7C1F3B1ACAE6F100DA0161 /* FISCardsTableViewController.m */,
				38737F711ADB478E00FE27FB /* FISStreamViewController.h */,
				38737F721ADB478E00FE27FB /* FISStreamViewController.m */,
				889998161ACDA94E00A2050B /* FISCardstreamLogInViewController.h */,
				889998171ACDA94E00A2050B /* FISCardstreamLogInViewController.m */,
				889998191ACDC30B00A2050B /* FISCardstreamSignUpViewController.h */,
				8899981A1ACDC30B00A2050B /* FISCardstreamSignUpViewController.m */,
				88BE23C11AD5825B006FA622 /* AddingCredentialsViewController.h */,
				88BE23C21AD5825B006FA622 /* AddingCredentialsViewController.m */,
				887305671AD701B7000E85D1 /* StackSexchangeLoginWebViewController.h */,
				887305681AD701B7000E85D1 /* StackSexchangeLoginWebViewController.m */,
				38EE61D01AD6D62C00D65B32 /* FISCardViewController.h */,
				38EE61D11AD6D62C00D65B32 /* FISCardViewController.m */,
			);
			name = Controllers;
			sourceTree = "<group>";
		};
		889998151ACDA8E400A2050B /* Data Manager */ = {
			isa = PBXGroup;
			children = (
				6A7C1F301ACADEEF00DA0161 /* FISStreamsDataManager.h */,
				6A7C1F311ACADEEF00DA0161 /* FISStreamsDataManager.m */,
				6A35AA751AD8438900B1788D /* FISCollectionDataManager.h */,
				6A35AA761AD8438900B1788D /* FISCollectionDataManager.m */,
			);
			name = "Data Manager";
			sourceTree = "<group>";
		};
		8F6640B4C2227EBED4F0D0CF /* Pods */ = {
			isa = PBXGroup;
			children = (
				3DE0F0B7A4ABDED34230BA8A /* Pods-FISCardStreams.debug.xcconfig */,
				B0E688A2D2D1B38D94F890D7 /* Pods-FISCardStreams.release.xcconfig */,
			);
			name = Pods;
			sourceTree = "<group>";
		};
/* End PBXGroup section */

/* Begin PBXNativeTarget section */
		6A7C1EF21ACAD82800DA0161 /* FISCardStreams */ = {
			isa = PBXNativeTarget;
			buildConfigurationList = 6A7C1F191ACAD82800DA0161 /* Build configuration list for PBXNativeTarget "FISCardStreams" */;
			buildPhases = (
				59B8B8D2831DF5B378362C4F /* Check Pods Manifest.lock */,
				6A7C1EEF1ACAD82800DA0161 /* Sources */,
				6A7C1EF01ACAD82800DA0161 /* Frameworks */,
				6A7C1EF11ACAD82800DA0161 /* Resources */,
				E49D482A97D20FCCD0B84866 /* Copy Pods Resources */,
			);
			buildRules = (
			);
			dependencies = (
			);
			name = FISCardStreams;
			productName = FISCardStreams;
			productReference = 6A7C1EF31ACAD82800DA0161 /* FISCardStreams.app */;
			productType = "com.apple.product-type.application";
		};
		6A7C1F0E1ACAD82800DA0161 /* FISCardStreamsTests */ = {
			isa = PBXNativeTarget;
			buildConfigurationList = 6A7C1F1C1ACAD82800DA0161 /* Build configuration list for PBXNativeTarget "FISCardStreamsTests" */;
			buildPhases = (
				6A7C1F0B1ACAD82800DA0161 /* Sources */,
				6A7C1F0C1ACAD82800DA0161 /* Frameworks */,
				6A7C1F0D1ACAD82800DA0161 /* Resources */,
			);
			buildRules = (
			);
			dependencies = (
				6A7C1F111ACAD82800DA0161 /* PBXTargetDependency */,
			);
			name = FISCardStreamsTests;
			productName = FISCardStreamsTests;
			productReference = 6A7C1F0F1ACAD82800DA0161 /* FISCardStreamsTests.xctest */;
			productType = "com.apple.product-type.bundle.unit-test";
		};
/* End PBXNativeTarget section */

/* Begin PBXProject section */
		6A7C1EEB1ACAD82800DA0161 /* Project object */ = {
			isa = PBXProject;
			attributes = {
				LastUpgradeCheck = 0620;
				ORGANIZATIONNAME = "Mark Edward Murray";
				TargetAttributes = {
					6A7C1EF21ACAD82800DA0161 = {
						CreatedOnToolsVersion = 6.2;
					};
					6A7C1F0E1ACAD82800DA0161 = {
						CreatedOnToolsVersion = 6.2;
						TestTargetID = 6A7C1EF21ACAD82800DA0161;
					};
				};
			};
			buildConfigurationList = 6A7C1EEE1ACAD82800DA0161 /* Build configuration list for PBXProject "FISCardStreams" */;
			compatibilityVersion = "Xcode 3.2";
			developmentRegion = English;
			hasScannedForEncodings = 0;
			knownRegions = (
				en,
				Base,
			);
			mainGroup = 6A7C1EEA1ACAD82800DA0161;
			productRefGroup = 6A7C1EF41ACAD82800DA0161 /* Products */;
			projectDirPath = "";
			projectRoot = "";
			targets = (
				6A7C1EF21ACAD82800DA0161 /* FISCardStreams */,
				6A7C1F0E1ACAD82800DA0161 /* FISCardStreamsTests */,
			);
		};
/* End PBXProject section */

/* Begin PBXResourcesBuildPhase section */
		6A7C1EF11ACAD82800DA0161 /* Resources */ = {
			isa = PBXResourcesBuildPhase;
			buildActionMask = 2147483647;
			files = (
				6A7C1F201ACAD8DC00DA0161 /* LoginFlow.storyboard in Resources */,
				6A7C1F051ACAD82800DA0161 /* Main.storyboard in Resources */,
				38737F7E1ADEE08700FE27FB /* FISTableView.xib in Resources */,
				6A7C1F0A1ACAD82800DA0161 /* LaunchScreen.xib in Resources */,
				38737F7C1ADEC70500FE27FB /* FISCell.xib in Resources */,
				6A7C1F071ACAD82800DA0161 /* Images.xcassets in Resources */,
			);
			runOnlyForDeploymentPostprocessing = 0;
		};
		6A7C1F0D1ACAD82800DA0161 /* Resources */ = {
			isa = PBXResourcesBuildPhase;
			buildActionMask = 2147483647;
			files = (
			);
			runOnlyForDeploymentPostprocessing = 0;
		};
/* End PBXResourcesBuildPhase section */

/* Begin PBXShellScriptBuildPhase section */
		59B8B8D2831DF5B378362C4F /* Check Pods Manifest.lock */ = {
			isa = PBXShellScriptBuildPhase;
			buildActionMask = 2147483647;
			files = (
			);
			inputPaths = (
			);
			name = "Check Pods Manifest.lock";
			outputPaths = (
			);
			runOnlyForDeploymentPostprocessing = 0;
			shellPath = /bin/sh;
			shellScript = "diff \"${PODS_ROOT}/../Podfile.lock\" \"${PODS_ROOT}/Manifest.lock\" > /dev/null\nif [[ $? != 0 ]] ; then\n    cat << EOM\nerror: The sandbox is not in sync with the Podfile.lock. Run 'pod install' or update your CocoaPods installation.\nEOM\n    exit 1\nfi\n";
			showEnvVarsInLog = 0;
		};
		E49D482A97D20FCCD0B84866 /* Copy Pods Resources */ = {
			isa = PBXShellScriptBuildPhase;
			buildActionMask = 2147483647;
			files = (
			);
			inputPaths = (
			);
			name = "Copy Pods Resources";
			outputPaths = (
			);
			runOnlyForDeploymentPostprocessing = 0;
			shellPath = /bin/sh;
			shellScript = "\"${SRCROOT}/Pods/Target Support Files/Pods-FISCardStreams/Pods-FISCardStreams-resources.sh\"\n";
			showEnvVarsInLog = 0;
		};
/* End PBXShellScriptBuildPhase section */

/* Begin PBXSourcesBuildPhase section */
		6A7C1EEF1ACAD82800DA0161 /* Sources */ = {
			isa = PBXSourcesBuildPhase;
			buildActionMask = 2147483647;
			files = (
				88977CCE1ADD90590029A337 /* StackExchangeTableViewCell.m in Sources */,
				6A7C1F361ACAE01900DA0161 /* FISStream.m in Sources */,
				889998181ACDA94E00A2050B /* FISCardstreamLogInViewController.m in Sources */,
				6A7C1F291ACADE7D00DA0161 /* FISCardStreamsAPIClient.m in Sources */,
				6A7C1F421ACAFA5800DA0161 /* FISComment.m in Sources */,
				6A7C1EFF1ACAD82800DA0161 /* FISCardStreams.xcdatamodeld in Sources */,
				6A7C1F261ACADE6400DA0161 /* FISConstants.m in Sources */,
				88BE23C31AD5825B006FA622 /* AddingCredentialsViewController.m in Sources */,
				6A7C1EFC1ACAD82800DA0161 /* FISAppDelegate.m in Sources */,
				6A35AA771AD8438900B1788D /* FISCollectionDataManager.m in Sources */,
				887305691AD701B7000E85D1 /* StackSexchangeLoginWebViewController.m in Sources */,
				8899981B1ACDC30B00A2050B /* FISCardstreamSignUpViewController.m in Sources */,
				38EE61D21AD6D62C00D65B32 /* FISCardViewController.m in Sources */,
				6A7C1EF91ACAD82800DA0161 /* main.m in Sources */,
				6A7C1F461ACB1D3200DA0161 /* NSDate+DateFromJSONDate.m in Sources */,
				6A7C1F3F1ACAFA4400DA0161 /* FISAttachment.m in Sources */,
				6A7C1F2C1ACADE9700DA0161 /* FISGithubAPIClient.m in Sources */,
				6A7C1F391ACAE02A00DA0161 /* FISCard.m in Sources */,
				6A9C3B531ACEDBBA00CD56E6 /* FISCardTableViewCell.m in Sources */,
				38737F7A1ADEC51300FE27FB /* FISTableViewCell.m in Sources */,
				38737F731ADB478E00FE27FB /* FISStreamViewController.m in Sources */,
				6A7C1F2F1ACADEB900DA0161 /* FISRSSFeedAPIClient.m in Sources */,
				6A7C1F3C1ACAE6F100DA0161 /* FISCardsTableViewController.m in Sources */,
				88977CCB1ADD85DC0029A337 /* WebViewTableViewCell.m in Sources */,
				88F79DC51AD6DA770089B5FE /* FISStackExchangeAPI.m in Sources */,
				747F792B1ACEEC5600825492 /* XMLReader.m in Sources */,
				38EE61D51AD7044200D65B32 /* FISCardCollectionViewCell.m in Sources */,
				6A7C1F321ACADEEF00DA0161 /* FISStreamsDataManager.m in Sources */,
			);
			runOnlyForDeploymentPostprocessing = 0;
		};
		6A7C1F0B1ACAD82800DA0161 /* Sources */ = {
			isa = PBXSourcesBuildPhase;
			buildActionMask = 2147483647;
			files = (
				6A7C1F161ACAD82800DA0161 /* FISCardStreamsTests.m in Sources */,
			);
			runOnlyForDeploymentPostprocessing = 0;
		};
/* End PBXSourcesBuildPhase section */

/* Begin PBXTargetDependency section */
		6A7C1F111ACAD82800DA0161 /* PBXTargetDependency */ = {
			isa = PBXTargetDependency;
			target = 6A7C1EF21ACAD82800DA0161 /* FISCardStreams */;
			targetProxy = 6A7C1F101ACAD82800DA0161 /* PBXContainerItemProxy */;
		};
/* End PBXTargetDependency section */

/* Begin PBXVariantGroup section */
		6A7C1F031ACAD82800DA0161 /* Main.storyboard */ = {
			isa = PBXVariantGroup;
			children = (
				6A7C1F041ACAD82800DA0161 /* Base */,
			);
			name = Main.storyboard;
			sourceTree = "<group>";
		};
		6A7C1F081ACAD82800DA0161 /* LaunchScreen.xib */ = {
			isa = PBXVariantGroup;
			children = (
				6A7C1F091ACAD82800DA0161 /* Base */,
			);
			name = LaunchScreen.xib;
			sourceTree = "<group>";
		};
/* End PBXVariantGroup section */

/* Begin XCBuildConfiguration section */
		6A7C1F171ACAD82800DA0161 /* Debug */ = {
			isa = XCBuildConfiguration;
			buildSettings = {
				ALWAYS_SEARCH_USER_PATHS = NO;
				CLANG_CXX_LANGUAGE_STANDARD = "gnu++0x";
				CLANG_CXX_LIBRARY = "libc++";
				CLANG_ENABLE_MODULES = YES;
				CLANG_ENABLE_OBJC_ARC = YES;
				CLANG_WARN_BOOL_CONVERSION = YES;
				CLANG_WARN_CONSTANT_CONVERSION = YES;
				CLANG_WARN_DIRECT_OBJC_ISA_USAGE = YES_ERROR;
				CLANG_WARN_EMPTY_BODY = YES;
				CLANG_WARN_ENUM_CONVERSION = YES;
				CLANG_WARN_INT_CONVERSION = YES;
				CLANG_WARN_OBJC_ROOT_CLASS = YES_ERROR;
				CLANG_WARN_UNREACHABLE_CODE = YES;
				CLANG_WARN__DUPLICATE_METHOD_MATCH = YES;
				"CODE_SIGN_IDENTITY[sdk=iphoneos*]" = "iPhone Developer";
				COPY_PHASE_STRIP = NO;
				ENABLE_STRICT_OBJC_MSGSEND = YES;
				GCC_C_LANGUAGE_STANDARD = gnu99;
				GCC_DYNAMIC_NO_PIC = NO;
				GCC_OPTIMIZATION_LEVEL = 0;
				GCC_PREPROCESSOR_DEFINITIONS = (
					"DEBUG=1",
					"$(inherited)",
				);
				GCC_SYMBOLS_PRIVATE_EXTERN = NO;
				GCC_WARN_64_TO_32_BIT_CONVERSION = YES;
				GCC_WARN_ABOUT_RETURN_TYPE = YES_ERROR;
				GCC_WARN_UNDECLARED_SELECTOR = YES;
				GCC_WARN_UNINITIALIZED_AUTOS = YES_AGGRESSIVE;
				GCC_WARN_UNUSED_FUNCTION = YES;
				GCC_WARN_UNUSED_VARIABLE = YES;
				IPHONEOS_DEPLOYMENT_TARGET = 8.2;
				MTL_ENABLE_DEBUG_INFO = YES;
				ONLY_ACTIVE_ARCH = YES;
				SDKROOT = iphoneos;
			};
			name = Debug;
		};
		6A7C1F181ACAD82800DA0161 /* Release */ = {
			isa = XCBuildConfiguration;
			buildSettings = {
				ALWAYS_SEARCH_USER_PATHS = NO;
				CLANG_CXX_LANGUAGE_STANDARD = "gnu++0x";
				CLANG_CXX_LIBRARY = "libc++";
				CLANG_ENABLE_MODULES = YES;
				CLANG_ENABLE_OBJC_ARC = YES;
				CLANG_WARN_BOOL_CONVERSION = YES;
				CLANG_WARN_CONSTANT_CONVERSION = YES;
				CLANG_WARN_DIRECT_OBJC_ISA_USAGE = YES_ERROR;
				CLANG_WARN_EMPTY_BODY = YES;
				CLANG_WARN_ENUM_CONVERSION = YES;
				CLANG_WARN_INT_CONVERSION = YES;
				CLANG_WARN_OBJC_ROOT_CLASS = YES_ERROR;
				CLANG_WARN_UNREACHABLE_CODE = YES;
				CLANG_WARN__DUPLICATE_METHOD_MATCH = YES;
				"CODE_SIGN_IDENTITY[sdk=iphoneos*]" = "iPhone Developer";
				COPY_PHASE_STRIP = NO;
				ENABLE_NS_ASSERTIONS = NO;
				ENABLE_STRICT_OBJC_MSGSEND = YES;
				GCC_C_LANGUAGE_STANDARD = gnu99;
				GCC_WARN_64_TO_32_BIT_CONVERSION = YES;
				GCC_WARN_ABOUT_RETURN_TYPE = YES_ERROR;
				GCC_WARN_UNDECLARED_SELECTOR = YES;
				GCC_WARN_UNINITIALIZED_AUTOS = YES_AGGRESSIVE;
				GCC_WARN_UNUSED_FUNCTION = YES;
				GCC_WARN_UNUSED_VARIABLE = YES;
				IPHONEOS_DEPLOYMENT_TARGET = 8.2;
				MTL_ENABLE_DEBUG_INFO = NO;
				SDKROOT = iphoneos;
				VALIDATE_PRODUCT = YES;
			};
			name = Release;
		};
		6A7C1F1A1ACAD82800DA0161 /* Debug */ = {
			isa = XCBuildConfiguration;
			baseConfigurationReference = 3DE0F0B7A4ABDED34230BA8A /* Pods-FISCardStreams.debug.xcconfig */;
			buildSettings = {
				ASSETCATALOG_COMPILER_APPICON_NAME = AppIcon;
				INFOPLIST_FILE = FISCardStreams/Info.plist;
				IPHONEOS_DEPLOYMENT_TARGET = 8.1;
				LD_RUNPATH_SEARCH_PATHS = "$(inherited) @executable_path/Frameworks";
				PRODUCT_NAME = "$(TARGET_NAME)";
			};
			name = Debug;
		};
		6A7C1F1B1ACAD82800DA0161 /* Release */ = {
			isa = XCBuildConfiguration;
			baseConfigurationReference = B0E688A2D2D1B38D94F890D7 /* Pods-FISCardStreams.release.xcconfig */;
			buildSettings = {
				ASSETCATALOG_COMPILER_APPICON_NAME = AppIcon;
				INFOPLIST_FILE = FISCardStreams/Info.plist;
				IPHONEOS_DEPLOYMENT_TARGET = 8.1;
				LD_RUNPATH_SEARCH_PATHS = "$(inherited) @executable_path/Frameworks";
				PRODUCT_NAME = "$(TARGET_NAME)";
			};
			name = Release;
		};
		6A7C1F1D1ACAD82800DA0161 /* Debug */ = {
			isa = XCBuildConfiguration;
			buildSettings = {
				BUNDLE_LOADER = "$(TEST_HOST)";
				FRAMEWORK_SEARCH_PATHS = (
					"$(SDKROOT)/Developer/Library/Frameworks",
					"$(inherited)",
				);
				GCC_PREPROCESSOR_DEFINITIONS = (
					"DEBUG=1",
					"$(inherited)",
				);
				INFOPLIST_FILE = FISCardStreamsTests/Info.plist;
				LD_RUNPATH_SEARCH_PATHS = "$(inherited) @executable_path/Frameworks @loader_path/Frameworks";
				PRODUCT_NAME = "$(TARGET_NAME)";
				TEST_HOST = "$(BUILT_PRODUCTS_DIR)/FISCardStreams.app/FISCardStreams";
			};
			name = Debug;
		};
		6A7C1F1E1ACAD82800DA0161 /* Release */ = {
			isa = XCBuildConfiguration;
			buildSettings = {
				BUNDLE_LOADER = "$(TEST_HOST)";
				FRAMEWORK_SEARCH_PATHS = (
					"$(SDKROOT)/Developer/Library/Frameworks",
					"$(inherited)",
				);
				INFOPLIST_FILE = FISCardStreamsTests/Info.plist;
				LD_RUNPATH_SEARCH_PATHS = "$(inherited) @executable_path/Frameworks @loader_path/Frameworks";
				PRODUCT_NAME = "$(TARGET_NAME)";
				TEST_HOST = "$(BUILT_PRODUCTS_DIR)/FISCardStreams.app/FISCardStreams";
			};
			name = Release;
		};
/* End XCBuildConfiguration section */

/* Begin XCConfigurationList section */
		6A7C1EEE1ACAD82800DA0161 /* Build configuration list for PBXProject "FISCardStreams" */ = {
			isa = XCConfigurationList;
			buildConfigurations = (
				6A7C1F171ACAD82800DA0161 /* Debug */,
				6A7C1F181ACAD82800DA0161 /* Release */,
			);
			defaultConfigurationIsVisible = 0;
			defaultConfigurationName = Release;
		};
		6A7C1F191ACAD82800DA0161 /* Build configuration list for PBXNativeTarget "FISCardStreams" */ = {
			isa = XCConfigurationList;
			buildConfigurations = (
				6A7C1F1A1ACAD82800DA0161 /* Debug */,
				6A7C1F1B1ACAD82800DA0161 /* Release */,
			);
			defaultConfigurationIsVisible = 0;
			defaultConfigurationName = Release;
		};
		6A7C1F1C1ACAD82800DA0161 /* Build configuration list for PBXNativeTarget "FISCardStreamsTests" */ = {
			isa = XCConfigurationList;
			buildConfigurations = (
				6A7C1F1D1ACAD82800DA0161 /* Debug */,
				6A7C1F1E1ACAD82800DA0161 /* Release */,
			);
			defaultConfigurationIsVisible = 0;
			defaultConfigurationName = Release;
		};
/* End XCConfigurationList section */

/* Begin XCVersionGroup section */
		6A7C1EFD1ACAD82800DA0161 /* FISCardStreams.xcdatamodeld */ = {
			isa = XCVersionGroup;
			children = (
				6A7C1EFE1ACAD82800DA0161 /* FISCardStreams.xcdatamodel */,
			);
			currentVersion = 6A7C1EFE1ACAD82800DA0161 /* FISCardStreams.xcdatamodel */;
			path = FISCardStreams.xcdatamodeld;
			sourceTree = "<group>";
			versionGroupType = wrapper.xcdatamodel;
		};
/* End XCVersionGroup section */
	};
	rootObject = 6A7C1EEB1ACAD82800DA0161 /* Project object */;
}
